
Microsoft Visual Studio Solution File, Format Version 12.00
# Visual Studio Version 16
VisualStudioVersion = 16.0.31105.61
MinimumVisualStudioVersion = 10.0.40219.1
Project("{8BC9CEB8-8B4A-11D0-8D11-00A0C91BC942}") = "Stm32HttpServer", "Stm32HttpServer\Stm32HttpServer.vcxproj", "{BB51887A-1241-42A2-86FD-B8C113441223}"
EndProject
Global
	GlobalSection(SolutionConfigurationPlatforms) = preSolution
		Debug|VisualGDB = Debug|VisualGDB
		Release|VisualGDB = Release|VisualGDB
	EndGlobalSection
	GlobalSection(ProjectConfigurationPlatforms) = postSolution
		{BB51887A-1241-42A2-86FD-B8C113441223}.Debug|VisualGDB.ActiveCfg = Debug|VisualGDB
		{BB51887A-1241-42A2-86FD-B8C113441223}.Debug|VisualGDB.Build.0 = Debug|VisualGDB
		{BB51887A-1241-42A2-86FD-B8C113441223}.Release|VisualGDB.ActiveCfg = Release|VisualGDB
		{BB51887A-1241-42A2-86FD-B8C113441223}.Release|VisualGDB.Build.0 = Release|VisualGDB
	EndGlobalSection
	GlobalSection(SolutionProperties) = preSolution
		HideSolutionNode = FALSE
	EndGlobalSection
	GlobalSection(ExtensibilityGlobals) = postSolution
		SolutionGuid = {C67679F1-DFF3-4A7C-AC12-DD5DFE4DB6D5}
	EndGlobalSection
EndGlobal
